// !$*UTF8*$!
{
	archiveVersion = 1;
	classes = {
	};
	objectVersion = 46;
	objects = {

/* Begin PBXBuildFile section */
		3E1EEC8D1F399A4F00F8E103 /* Assets.xcassets in Resources */ = {isa = PBXBuildFile; fileRef = 3E1EEC8C1F399A4F00F8E103 /* Assets.xcassets */; };
		3E1EEC971F399AE500F8E103 /* Presentation.h in Headers */ = {isa = PBXBuildFile; fileRef = 3E1EEC951F399AE500F8E103 /* Presentation.h */; settings = {ATTRIBUTES = (Public, ); }; };
		3E1EEC9A1F399AE500F8E103 /* Presentation.framework in Frameworks */ = {isa = PBXBuildFile; fileRef = 3E1EEC931F399AE500F8E103 /* Presentation.framework */; };
		3E1EEC9B1F399AE500F8E103 /* Presentation.framework in Embed Frameworks */ = {isa = PBXBuildFile; fileRef = 3E1EEC931F399AE500F8E103 /* Presentation.framework */; settings = {ATTRIBUTES = (CodeSignOnCopy, RemoveHeadersOnCopy, ); }; };
		3E1EECA91F399D1400F8E103 /* Domain.h in Headers */ = {isa = PBXBuildFile; fileRef = 3E1EECA71F399D1400F8E103 /* Domain.h */; settings = {ATTRIBUTES = (Public, ); }; };
		3E1EECAC1F399D1400F8E103 /* Domain.framework in Frameworks */ = {isa = PBXBuildFile; fileRef = 3E1EECA51F399D1400F8E103 /* Domain.framework */; };
		3E1EECAD1F399D1400F8E103 /* Domain.framework in Embed Frameworks */ = {isa = PBXBuildFile; fileRef = 3E1EECA51F399D1400F8E103 /* Domain.framework */; settings = {ATTRIBUTES = (CodeSignOnCopy, RemoveHeadersOnCopy, ); }; };
		3E1EECBA1F399D2C00F8E103 /* Data.h in Headers */ = {isa = PBXBuildFile; fileRef = 3E1EECB81F399D2C00F8E103 /* Data.h */; settings = {ATTRIBUTES = (Public, ); }; };
		3E1EECBD1F399D2C00F8E103 /* Data.framework in Frameworks */ = {isa = PBXBuildFile; fileRef = 3E1EECB61F399D2C00F8E103 /* Data.framework */; };
		3E1EECBE1F399D2C00F8E103 /* Data.framework in Embed Frameworks */ = {isa = PBXBuildFile; fileRef = 3E1EECB61F399D2C00F8E103 /* Data.framework */; settings = {ATTRIBUTES = (CodeSignOnCopy, RemoveHeadersOnCopy, ); }; };
		3E1EECC51F399D7E00F8E103 /* LaunchScreen.storyboard in Resources */ = {isa = PBXBuildFile; fileRef = 3E1EECC41F399D7E00F8E103 /* LaunchScreen.storyboard */; };
		3E1EECD41F399F4A00F8E103 /* Rswift.framework in Frameworks */ = {isa = PBXBuildFile; fileRef = 3E1EECCC1F399F4A00F8E103 /* Rswift.framework */; };
		3E1EECD51F399F4A00F8E103 /* Rswift.framework in Embed Frameworks */ = {isa = PBXBuildFile; fileRef = 3E1EECCC1F399F4A00F8E103 /* Rswift.framework */; settings = {ATTRIBUTES = (CodeSignOnCopy, RemoveHeadersOnCopy, ); }; };
		3E1EECD81F399F4A00F8E103 /* RxCocoa.framework in Frameworks */ = {isa = PBXBuildFile; fileRef = 3E1EECCE1F399F4A00F8E103 /* RxCocoa.framework */; };
		3E1EECD91F399F4A00F8E103 /* RxCocoa.framework in Embed Frameworks */ = {isa = PBXBuildFile; fileRef = 3E1EECCE1F399F4A00F8E103 /* RxCocoa.framework */; settings = {ATTRIBUTES = (CodeSignOnCopy, RemoveHeadersOnCopy, ); }; };
		3E1EECDA1F399F4A00F8E103 /* RxSwift.framework in Frameworks */ = {isa = PBXBuildFile; fileRef = 3E1EECCF1F399F4A00F8E103 /* RxSwift.framework */; };
		3E1EECDB1F399F4A00F8E103 /* RxSwift.framework in Embed Frameworks */ = {isa = PBXBuildFile; fileRef = 3E1EECCF1F399F4A00F8E103 /* RxSwift.framework */; settings = {ATTRIBUTES = (CodeSignOnCopy, RemoveHeadersOnCopy, ); }; };
		3E1EECDE1F399F4A00F8E103 /* SwiftDate.framework in Frameworks */ = {isa = PBXBuildFile; fileRef = 3E1EECD11F399F4A00F8E103 /* SwiftDate.framework */; };
		3E1EECDF1F399F4A00F8E103 /* SwiftDate.framework in Embed Frameworks */ = {isa = PBXBuildFile; fileRef = 3E1EECD11F399F4A00F8E103 /* SwiftDate.framework */; settings = {ATTRIBUTES = (CodeSignOnCopy, RemoveHeadersOnCopy, ); }; };
		3E1EECE01F399F4A00F8E103 /* SwiftyBeaver.framework in Frameworks */ = {isa = PBXBuildFile; fileRef = 3E1EECD21F399F4A00F8E103 /* SwiftyBeaver.framework */; };
		3E1EECE11F399F4A00F8E103 /* SwiftyBeaver.framework in Embed Frameworks */ = {isa = PBXBuildFile; fileRef = 3E1EECD21F399F4A00F8E103 /* SwiftyBeaver.framework */; settings = {ATTRIBUTES = (CodeSignOnCopy, RemoveHeadersOnCopy, ); }; };
		3E1EECE21F399F4A00F8E103 /* SwiftyJSON.framework in Frameworks */ = {isa = PBXBuildFile; fileRef = 3E1EECD31F399F4A00F8E103 /* SwiftyJSON.framework */; };
		3E1EECE31F399F4A00F8E103 /* SwiftyJSON.framework in Embed Frameworks */ = {isa = PBXBuildFile; fileRef = 3E1EECD31F399F4A00F8E103 /* SwiftyJSON.framework */; settings = {ATTRIBUTES = (CodeSignOnCopy, RemoveHeadersOnCopy, ); }; };
		3E1EECE71F39A5BC00F8E103 /* ProgramList.storyboard in Resources */ = {isa = PBXBuildFile; fileRef = 3E1EECE61F39A5BC00F8E103 /* ProgramList.storyboard */; };
		3E1EECE91F39A5D000F8E103 /* ProgramListTableViewController.swift in Sources */ = {isa = PBXBuildFile; fileRef = 3E1EECE81F39A5D000F8E103 /* ProgramListTableViewController.swift */; };
		3E1EECEA1F39A66D00F8E103 /* RxCocoa.framework in Frameworks */ = {isa = PBXBuildFile; fileRef = 3E1EECCE1F399F4A00F8E103 /* RxCocoa.framework */; };
		3E1EECEB1F39A66D00F8E103 /* RxSwift.framework in Frameworks */ = {isa = PBXBuildFile; fileRef = 3E1EECCF1F399F4A00F8E103 /* RxSwift.framework */; };
		3E2042FF1F3960FC00950442 /* AppDelegate.swift in Sources */ = {isa = PBXBuildFile; fileRef = 3E2042FE1F3960FC00950442 /* AppDelegate.swift */; };
		3E2D2A1A1F39CCDA00378612 /* Main.storyboard in Resources */ = {isa = PBXBuildFile; fileRef = 3E2D2A1C1F39CCDA00378612 /* Main.storyboard */; };
		3E53B8881F3C8F0A00D08232 /* RightDetailTableViewCell.swift in Sources */ = {isa = PBXBuildFile; fileRef = 3E53B8861F3C8F0A00D08232 /* RightDetailTableViewCell.swift */; };
		3E53B8891F3C8F0A00D08232 /* RightDetailTableViewCell.xib in Resources */ = {isa = PBXBuildFile; fileRef = 3E53B8871F3C8F0A00D08232 /* RightDetailTableViewCell.xib */; };
		3E53B88B1F3CAFE900D08232 /* ImageRepositoryInterface.swift in Sources */ = {isa = PBXBuildFile; fileRef = 3E53B88A1F3CAFE900D08232 /* ImageRepositoryInterface.swift */; };
		3E53B88E1F3CB04600D08232 /* FoundationImageRepository.swift in Sources */ = {isa = PBXBuildFile; fileRef = 3E53B88D1F3CB04600D08232 /* FoundationImageRepository.swift */; };
		3ED2D0041F39D251007AC2A9 /* ProgramListViewModel.swift in Sources */ = {isa = PBXBuildFile; fileRef = 3ED2D0031F39D251007AC2A9 /* ProgramListViewModel.swift */; };
		3ED2D0061F39D25C007AC2A9 /* ProgramListNavigator.swift in Sources */ = {isa = PBXBuildFile; fileRef = 3ED2D0051F39D25C007AC2A9 /* ProgramListNavigator.swift */; };
		3ED2D00B1F39D2B8007AC2A9 /* ProgramDetailUseCase.swift in Sources */ = {isa = PBXBuildFile; fileRef = 3ED2D00A1F39D2B8007AC2A9 /* ProgramDetailUseCase.swift */; };
		3ED2D00D1F39D374007AC2A9 /* ProgramListUseCase.swift in Sources */ = {isa = PBXBuildFile; fileRef = 3ED2D00C1F39D374007AC2A9 /* ProgramListUseCase.swift */; };
		3ED2D00F1F39D3B2007AC2A9 /* Program.swift in Sources */ = {isa = PBXBuildFile; fileRef = 3ED2D00E1F39D3B2007AC2A9 /* Program.swift */; };
		3ED2D0141F39D69F007AC2A9 /* ProgramTableViewCell.swift in Sources */ = {isa = PBXBuildFile; fileRef = 3ED2D0121F39D69F007AC2A9 /* ProgramTableViewCell.swift */; };
		3ED2D0151F39D69F007AC2A9 /* ProgramTableViewCell.xib in Resources */ = {isa = PBXBuildFile; fileRef = 3ED2D0131F39D69F007AC2A9 /* ProgramTableViewCell.xib */; };
		3ED2D0181F39D79E007AC2A9 /* RxCocoa.framework in Frameworks */ = {isa = PBXBuildFile; fileRef = 3E1EECCE1F399F4A00F8E103 /* RxCocoa.framework */; };
		3ED2D0191F39D79E007AC2A9 /* RxSwift.framework in Frameworks */ = {isa = PBXBuildFile; fileRef = 3E1EECCF1F399F4A00F8E103 /* RxSwift.framework */; };
		3ED2D01A1F39D7A1007AC2A9 /* RxCocoa.framework in Frameworks */ = {isa = PBXBuildFile; fileRef = 3E1EECCE1F399F4A00F8E103 /* RxCocoa.framework */; };
		3ED2D01B1F39D7A1007AC2A9 /* RxSwift.framework in Frameworks */ = {isa = PBXBuildFile; fileRef = 3E1EECCF1F399F4A00F8E103 /* RxSwift.framework */; };
		3ED2D01C1F39D7AD007AC2A9 /* SwiftyJSON.framework in Frameworks */ = {isa = PBXBuildFile; fileRef = 3E1EECD31F399F4A00F8E103 /* SwiftyJSON.framework */; };
		3ED2D01D1F39D7B5007AC2A9 /* Rswift.framework in Frameworks */ = {isa = PBXBuildFile; fileRef = 3E1EECCC1F399F4A00F8E103 /* Rswift.framework */; };
		3ED2D01F1F39D7D2007AC2A9 /* R.generated.swift in Sources */ = {isa = PBXBuildFile; fileRef = 3ED2D01E1F39D7D2007AC2A9 /* R.generated.swift */; };
		3ED2D0211F39D7DF007AC2A9 /* R.generated.swift in Sources */ = {isa = PBXBuildFile; fileRef = 3ED2D0201F39D7DF007AC2A9 /* R.generated.swift */; };
		3ED2D0241F39DE0A007AC2A9 /* ViewModel.swift in Sources */ = {isa = PBXBuildFile; fileRef = 3ED2D0231F39DE0A007AC2A9 /* ViewModel.swift */; };
		3ED2D0271F39E06E007AC2A9 /* ProgramDetail.storyboard in Resources */ = {isa = PBXBuildFile; fileRef = 3ED2D0261F39E06E007AC2A9 /* ProgramDetail.storyboard */; };
		3ED2D0291F39E07E007AC2A9 /* ProgramDetailTableViewController.swift in Sources */ = {isa = PBXBuildFile; fileRef = 3ED2D0281F39E07E007AC2A9 /* ProgramDetailTableViewController.swift */; };
		3ED2D02B1F39E087007AC2A9 /* ProgramDetailViewModel.swift in Sources */ = {isa = PBXBuildFile; fileRef = 3ED2D02A1F39E087007AC2A9 /* ProgramDetailViewModel.swift */; };
		3ED2D02D1F39E094007AC2A9 /* ProgramDetailNavigator.swift in Sources */ = {isa = PBXBuildFile; fileRef = 3ED2D02C1F39E094007AC2A9 /* ProgramDetailNavigator.swift */; };
		3ED2D02F1F39E445007AC2A9 /* ProgramRepositoryInterface.swift in Sources */ = {isa = PBXBuildFile; fileRef = 3ED2D02E1F39E445007AC2A9 /* ProgramRepositoryInterface.swift */; };
		3ED2D0341F39E5C6007AC2A9 /* NHKProgramRepository.swift in Sources */ = {isa = PBXBuildFile; fileRef = 3ED2D0331F39E5C6007AC2A9 /* NHKProgramRepository.swift */; };
		3ED2D0371F39E61B007AC2A9 /* NHKSecret.swift in Sources */ = {isa = PBXBuildFile; fileRef = 3ED2D0361F39E61B007AC2A9 /* NHKSecret.swift */; };
		3ED2D0391F39ECC2007AC2A9 /* Errors.swift in Sources */ = {isa = PBXBuildFile; fileRef = 3ED2D0381F39ECC2007AC2A9 /* Errors.swift */; };
		3ED2D03F1F39FF51007AC2A9 /* SwinjectStoryboard.swift in Sources */ = {isa = PBXBuildFile; fileRef = 3ED2D03E1F39FF51007AC2A9 /* SwinjectStoryboard.swift */; };
		3ED2D0421F3A0108007AC2A9 /* Factory.swift in Sources */ = {isa = PBXBuildFile; fileRef = 3ED2D0411F3A0108007AC2A9 /* Factory.swift */; };
		3ED2D0461F3A03A4007AC2A9 /* Swinject.framework in Frameworks */ = {isa = PBXBuildFile; fileRef = 3ED2D0431F3A03A4007AC2A9 /* Swinject.framework */; };
		3ED2D0471F3A03A4007AC2A9 /* Swinject.framework in Embed Frameworks */ = {isa = PBXBuildFile; fileRef = 3ED2D0431F3A03A4007AC2A9 /* Swinject.framework */; settings = {ATTRIBUTES = (CodeSignOnCopy, RemoveHeadersOnCopy, ); }; };
		3ED2D0481F3A03A4007AC2A9 /* SwinjectAutoregistration.framework in Frameworks */ = {isa = PBXBuildFile; fileRef = 3ED2D0441F3A03A4007AC2A9 /* SwinjectAutoregistration.framework */; };
		3ED2D0491F3A03A4007AC2A9 /* SwinjectAutoregistration.framework in Embed Frameworks */ = {isa = PBXBuildFile; fileRef = 3ED2D0441F3A03A4007AC2A9 /* SwinjectAutoregistration.framework */; settings = {ATTRIBUTES = (CodeSignOnCopy, RemoveHeadersOnCopy, ); }; };
		3ED2D04A1F3A03A4007AC2A9 /* SwinjectStoryboard.framework in Frameworks */ = {isa = PBXBuildFile; fileRef = 3ED2D0451F3A03A4007AC2A9 /* SwinjectStoryboard.framework */; };
		3ED2D04B1F3A03A4007AC2A9 /* SwinjectStoryboard.framework in Embed Frameworks */ = {isa = PBXBuildFile; fileRef = 3ED2D0451F3A03A4007AC2A9 /* SwinjectStoryboard.framework */; settings = {ATTRIBUTES = (CodeSignOnCopy, RemoveHeadersOnCopy, ); }; };
		3ED2D04D1F3A0C0E007AC2A9 /* RxSwift+Extension.swift in Sources */ = {isa = PBXBuildFile; fileRef = 3ED2D04C1F3A0C0E007AC2A9 /* RxSwift+Extension.swift */; };
		3ED2D0511F3C5882007AC2A9 /* Reactive+UIView+backgroundColor.swift in Sources */ = {isa = PBXBuildFile; fileRef = 3ED2D0501F3C5882007AC2A9 /* Reactive+UIView+backgroundColor.swift */; };
		3ED2D0531F3C7DE6007AC2A9 /* Sequence+forEachMutating.swift in Sources */ = {isa = PBXBuildFile; fileRef = 3ED2D0521F3C7DE6007AC2A9 /* Sequence+forEachMutating.swift */; };
/* End PBXBuildFile section */

/* Begin PBXContainerItemProxy section */
		3E1EEC981F399AE500F8E103 /* PBXContainerItemProxy */ = {
			isa = PBXContainerItemProxy;
			containerPortal = 3E2042E01F39609A00950442 /* Project object */;
			proxyType = 1;
			remoteGlobalIDString = 3E1EEC921F399AE500F8E103;
			remoteInfo = Presentation;
		};
		3E1EECAA1F399D1400F8E103 /* PBXContainerItemProxy */ = {
			isa = PBXContainerItemProxy;
			containerPortal = 3E2042E01F39609A00950442 /* Project object */;
			proxyType = 1;
			remoteGlobalIDString = 3E1EECA41F399D1400F8E103;
			remoteInfo = Domain;
		};
		3E1EECBB1F399D2C00F8E103 /* PBXContainerItemProxy */ = {
			isa = PBXContainerItemProxy;
			containerPortal = 3E2042E01F39609A00950442 /* Project object */;
			proxyType = 1;
			remoteGlobalIDString = 3E1EECB51F399D2C00F8E103;
			remoteInfo = Data;
		};
		3ED2D03A1F39EEFC007AC2A9 /* PBXContainerItemProxy */ = {
			isa = PBXContainerItemProxy;
			containerPortal = 3E2042E01F39609A00950442 /* Project object */;
			proxyType = 1;
			remoteGlobalIDString = 3E1EECA41F399D1400F8E103;
			remoteInfo = Domain;
		};
		3ED2D03C1F39EF00007AC2A9 /* PBXContainerItemProxy */ = {
			isa = PBXContainerItemProxy;
			containerPortal = 3E2042E01F39609A00950442 /* Project object */;
			proxyType = 1;
			remoteGlobalIDString = 3E1EECA41F399D1400F8E103;
			remoteInfo = Domain;
		};
/* End PBXContainerItemProxy section */

/* Begin PBXCopyFilesBuildPhase section */
		3E1EEC9F1F399AE500F8E103 /* Embed Frameworks */ = {
			isa = PBXCopyFilesBuildPhase;
			buildActionMask = 2147483647;
			dstPath = "";
			dstSubfolderSpec = 10;
			files = (
				3E1EECD91F399F4A00F8E103 /* RxCocoa.framework in Embed Frameworks */,
				3E1EECBE1F399D2C00F8E103 /* Data.framework in Embed Frameworks */,
				3E1EECDB1F399F4A00F8E103 /* RxSwift.framework in Embed Frameworks */,
				3ED2D0471F3A03A4007AC2A9 /* Swinject.framework in Embed Frameworks */,
				3E1EECAD1F399D1400F8E103 /* Domain.framework in Embed Frameworks */,
				3E1EECE11F399F4A00F8E103 /* SwiftyBeaver.framework in Embed Frameworks */,
				3ED2D0491F3A03A4007AC2A9 /* SwinjectAutoregistration.framework in Embed Frameworks */,
				3E1EECE31F399F4A00F8E103 /* SwiftyJSON.framework in Embed Frameworks */,
				3ED2D04B1F3A03A4007AC2A9 /* SwinjectStoryboard.framework in Embed Frameworks */,
				3E1EEC9B1F399AE500F8E103 /* Presentation.framework in Embed Frameworks */,
				3E1EECDF1F399F4A00F8E103 /* SwiftDate.framework in Embed Frameworks */,
				3E1EECD51F399F4A00F8E103 /* Rswift.framework in Embed Frameworks */,
			);
			name = "Embed Frameworks";
			runOnlyForDeploymentPostprocessing = 0;
		};
/* End PBXCopyFilesBuildPhase section */

/* Begin PBXFileReference section */
		3E1EEC8C1F399A4F00F8E103 /* Assets.xcassets */ = {isa = PBXFileReference; lastKnownFileType = folder.assetcatalog; path = Assets.xcassets; sourceTree = "<group>"; };
		3E1EEC931F399AE500F8E103 /* Presentation.framework */ = {isa = PBXFileReference; explicitFileType = wrapper.framework; includeInIndex = 0; path = Presentation.framework; sourceTree = BUILT_PRODUCTS_DIR; };
		3E1EEC951F399AE500F8E103 /* Presentation.h */ = {isa = PBXFileReference; lastKnownFileType = sourcecode.c.h; path = Presentation.h; sourceTree = "<group>"; };
		3E1EEC961F399AE500F8E103 /* Info.plist */ = {isa = PBXFileReference; lastKnownFileType = text.plist.xml; path = Info.plist; sourceTree = "<group>"; };
		3E1EECA51F399D1400F8E103 /* Domain.framework */ = {isa = PBXFileReference; explicitFileType = wrapper.framework; includeInIndex = 0; path = Domain.framework; sourceTree = BUILT_PRODUCTS_DIR; };
		3E1EECA71F399D1400F8E103 /* Domain.h */ = {isa = PBXFileReference; lastKnownFileType = sourcecode.c.h; path = Domain.h; sourceTree = "<group>"; };
		3E1EECA81F399D1400F8E103 /* Info.plist */ = {isa = PBXFileReference; lastKnownFileType = text.plist.xml; path = Info.plist; sourceTree = "<group>"; };
		3E1EECB61F399D2C00F8E103 /* Data.framework */ = {isa = PBXFileReference; explicitFileType = wrapper.framework; includeInIndex = 0; path = Data.framework; sourceTree = BUILT_PRODUCTS_DIR; };
		3E1EECB81F399D2C00F8E103 /* Data.h */ = {isa = PBXFileReference; lastKnownFileType = sourcecode.c.h; path = Data.h; sourceTree = "<group>"; };
		3E1EECB91F399D2C00F8E103 /* Info.plist */ = {isa = PBXFileReference; lastKnownFileType = text.plist.xml; path = Info.plist; sourceTree = "<group>"; };
		3E1EECC41F399D7E00F8E103 /* LaunchScreen.storyboard */ = {isa = PBXFileReference; fileEncoding = 4; lastKnownFileType = file.storyboard; path = LaunchScreen.storyboard; sourceTree = "<group>"; };
		3E1EECCC1F399F4A00F8E103 /* Rswift.framework */ = {isa = PBXFileReference; lastKnownFileType = wrapper.framework; name = Rswift.framework; path = Carthage/Build/iOS/Rswift.framework; sourceTree = "<group>"; };
		3E1EECCE1F399F4A00F8E103 /* RxCocoa.framework */ = {isa = PBXFileReference; lastKnownFileType = wrapper.framework; name = RxCocoa.framework; path = Carthage/Build/iOS/RxCocoa.framework; sourceTree = "<group>"; };
		3E1EECCF1F399F4A00F8E103 /* RxSwift.framework */ = {isa = PBXFileReference; lastKnownFileType = wrapper.framework; name = RxSwift.framework; path = Carthage/Build/iOS/RxSwift.framework; sourceTree = "<group>"; };
		3E1EECD11F399F4A00F8E103 /* SwiftDate.framework */ = {isa = PBXFileReference; lastKnownFileType = wrapper.framework; name = SwiftDate.framework; path = Carthage/Build/iOS/SwiftDate.framework; sourceTree = "<group>"; };
		3E1EECD21F399F4A00F8E103 /* SwiftyBeaver.framework */ = {isa = PBXFileReference; lastKnownFileType = wrapper.framework; name = SwiftyBeaver.framework; path = Carthage/Build/iOS/SwiftyBeaver.framework; sourceTree = "<group>"; };
		3E1EECD31F399F4A00F8E103 /* SwiftyJSON.framework */ = {isa = PBXFileReference; lastKnownFileType = wrapper.framework; name = SwiftyJSON.framework; path = Carthage/Build/iOS/SwiftyJSON.framework; sourceTree = "<group>"; };
		3E1EECE61F39A5BC00F8E103 /* ProgramList.storyboard */ = {isa = PBXFileReference; fileEncoding = 4; lastKnownFileType = file.storyboard; path = ProgramList.storyboard; sourceTree = "<group>"; };
		3E1EECE81F39A5D000F8E103 /* ProgramListTableViewController.swift */ = {isa = PBXFileReference; fileEncoding = 4; lastKnownFileType = sourcecode.swift; path = ProgramListTableViewController.swift; sourceTree = "<group>"; };
		3E2042E81F39609A00950442 /* NHKProgram.app */ = {isa = PBXFileReference; explicitFileType = wrapper.application; includeInIndex = 0; path = NHKProgram.app; sourceTree = BUILT_PRODUCTS_DIR; };
		3E2042F71F39609A00950442 /* Info.plist */ = {isa = PBXFileReference; lastKnownFileType = text.plist.xml; path = Info.plist; sourceTree = "<group>"; };
		3E2042FE1F3960FC00950442 /* AppDelegate.swift */ = {isa = PBXFileReference; fileEncoding = 4; lastKnownFileType = sourcecode.swift; path = AppDelegate.swift; sourceTree = "<group>"; };
		3E2043041F39616C00950442 /* Cartfile */ = {isa = PBXFileReference; fileEncoding = 4; lastKnownFileType = text; path = Cartfile; sourceTree = "<group>"; };
		3E2D2A1D1F39CCE200378612 /* ja */ = {isa = PBXFileReference; lastKnownFileType = file.storyboard; name = ja; path = ja.lproj/Main.storyboard; sourceTree = "<group>"; };
		3E53B8861F3C8F0A00D08232 /* RightDetailTableViewCell.swift */ = {isa = PBXFileReference; fileEncoding = 4; lastKnownFileType = sourcecode.swift; path = RightDetailTableViewCell.swift; sourceTree = "<group>"; };
		3E53B8871F3C8F0A00D08232 /* RightDetailTableViewCell.xib */ = {isa = PBXFileReference; fileEncoding = 4; lastKnownFileType = file.xib; path = RightDetailTableViewCell.xib; sourceTree = "<group>"; };
		3E53B88A1F3CAFE900D08232 /* ImageRepositoryInterface.swift */ = {isa = PBXFileReference; fileEncoding = 4; lastKnownFileType = sourcecode.swift; path = ImageRepositoryInterface.swift; sourceTree = "<group>"; };
		3E53B88D1F3CB04600D08232 /* FoundationImageRepository.swift */ = {isa = PBXFileReference; fileEncoding = 4; lastKnownFileType = sourcecode.swift; path = FoundationImageRepository.swift; sourceTree = "<group>"; };
		3ED2D0031F39D251007AC2A9 /* ProgramListViewModel.swift */ = {isa = PBXFileReference; fileEncoding = 4; lastKnownFileType = sourcecode.swift; path = ProgramListViewModel.swift; sourceTree = "<group>"; };
		3ED2D0051F39D25C007AC2A9 /* ProgramListNavigator.swift */ = {isa = PBXFileReference; fileEncoding = 4; lastKnownFileType = sourcecode.swift; path = ProgramListNavigator.swift; sourceTree = "<group>"; };
		3ED2D00A1F39D2B8007AC2A9 /* ProgramDetailUseCase.swift */ = {isa = PBXFileReference; fileEncoding = 4; lastKnownFileType = sourcecode.swift; path = ProgramDetailUseCase.swift; sourceTree = "<group>"; };
		3ED2D00C1F39D374007AC2A9 /* ProgramListUseCase.swift */ = {isa = PBXFileReference; fileEncoding = 4; lastKnownFileType = sourcecode.swift; path = ProgramListUseCase.swift; sourceTree = "<group>"; };
		3ED2D00E1F39D3B2007AC2A9 /* Program.swift */ = {isa = PBXFileReference; fileEncoding = 4; lastKnownFileType = sourcecode.swift; path = Program.swift; sourceTree = "<group>"; };
		3ED2D0121F39D69F007AC2A9 /* ProgramTableViewCell.swift */ = {isa = PBXFileReference; fileEncoding = 4; lastKnownFileType = sourcecode.swift; path = ProgramTableViewCell.swift; sourceTree = "<group>"; };
		3ED2D0131F39D69F007AC2A9 /* ProgramTableViewCell.xib */ = {isa = PBXFileReference; fileEncoding = 4; lastKnownFileType = file.xib; path = ProgramTableViewCell.xib; sourceTree = "<group>"; };
		3ED2D01E1F39D7D2007AC2A9 /* R.generated.swift */ = {isa = PBXFileReference; fileEncoding = 4; lastKnownFileType = sourcecode.swift; path = R.generated.swift; sourceTree = "<group>"; };
		3ED2D0201F39D7DF007AC2A9 /* R.generated.swift */ = {isa = PBXFileReference; fileEncoding = 4; lastKnownFileType = sourcecode.swift; path = R.generated.swift; sourceTree = "<group>"; };
		3ED2D0231F39DE0A007AC2A9 /* ViewModel.swift */ = {isa = PBXFileReference; fileEncoding = 4; lastKnownFileType = sourcecode.swift; path = ViewModel.swift; sourceTree = "<group>"; };
		3ED2D0261F39E06E007AC2A9 /* ProgramDetail.storyboard */ = {isa = PBXFileReference; fileEncoding = 4; lastKnownFileType = file.storyboard; path = ProgramDetail.storyboard; sourceTree = "<group>"; };
		3ED2D0281F39E07E007AC2A9 /* ProgramDetailTableViewController.swift */ = {isa = PBXFileReference; fileEncoding = 4; lastKnownFileType = sourcecode.swift; path = ProgramDetailTableViewController.swift; sourceTree = "<group>"; };
		3ED2D02A1F39E087007AC2A9 /* ProgramDetailViewModel.swift */ = {isa = PBXFileReference; fileEncoding = 4; lastKnownFileType = sourcecode.swift; path = ProgramDetailViewModel.swift; sourceTree = "<group>"; };
		3ED2D02C1F39E094007AC2A9 /* ProgramDetailNavigator.swift */ = {isa = PBXFileReference; fileEncoding = 4; lastKnownFileType = sourcecode.swift; path = ProgramDetailNavigator.swift; sourceTree = "<group>"; };
		3ED2D02E1F39E445007AC2A9 /* ProgramRepositoryInterface.swift */ = {isa = PBXFileReference; fileEncoding = 4; lastKnownFileType = sourcecode.swift; path = ProgramRepositoryInterface.swift; sourceTree = "<group>"; };
		3ED2D0331F39E5C6007AC2A9 /* NHKProgramRepository.swift */ = {isa = PBXFileReference; fileEncoding = 4; lastKnownFileType = sourcecode.swift; path = NHKProgramRepository.swift; sourceTree = "<group>"; };
		3ED2D0361F39E61B007AC2A9 /* NHKSecret.swift */ = {isa = PBXFileReference; fileEncoding = 4; lastKnownFileType = sourcecode.swift; path = NHKSecret.swift; sourceTree = "<group>"; };
		3ED2D0381F39ECC2007AC2A9 /* Errors.swift */ = {isa = PBXFileReference; fileEncoding = 4; lastKnownFileType = sourcecode.swift; path = Errors.swift; sourceTree = "<group>"; };
		3ED2D03E1F39FF51007AC2A9 /* SwinjectStoryboard.swift */ = {isa = PBXFileReference; fileEncoding = 4; lastKnownFileType = sourcecode.swift; path = SwinjectStoryboard.swift; sourceTree = "<group>"; };
		3ED2D0411F3A0108007AC2A9 /* Factory.swift */ = {isa = PBXFileReference; fileEncoding = 4; lastKnownFileType = sourcecode.swift; path = Factory.swift; sourceTree = "<group>"; };
		3ED2D0431F3A03A4007AC2A9 /* Swinject.framework */ = {isa = PBXFileReference; lastKnownFileType = wrapper.framework; name = Swinject.framework; path = Carthage/Build/iOS/Swinject.framework; sourceTree = "<group>"; };
		3ED2D0441F3A03A4007AC2A9 /* SwinjectAutoregistration.framework */ = {isa = PBXFileReference; lastKnownFileType = wrapper.framework; name = SwinjectAutoregistration.framework; path = Carthage/Build/iOS/SwinjectAutoregistration.framework; sourceTree = "<group>"; };
		3ED2D0451F3A03A4007AC2A9 /* SwinjectStoryboard.framework */ = {isa = PBXFileReference; lastKnownFileType = wrapper.framework; name = SwinjectStoryboard.framework; path = Carthage/Build/iOS/SwinjectStoryboard.framework; sourceTree = "<group>"; };
		3ED2D04C1F3A0C0E007AC2A9 /* RxSwift+Extension.swift */ = {isa = PBXFileReference; fileEncoding = 4; lastKnownFileType = sourcecode.swift; path = "RxSwift+Extension.swift"; sourceTree = "<group>"; };
		3ED2D0501F3C5882007AC2A9 /* Reactive+UIView+backgroundColor.swift */ = {isa = PBXFileReference; fileEncoding = 4; lastKnownFileType = sourcecode.swift; path = "Reactive+UIView+backgroundColor.swift"; sourceTree = "<group>"; };
		3ED2D0521F3C7DE6007AC2A9 /* Sequence+forEachMutating.swift */ = {isa = PBXFileReference; fileEncoding = 4; lastKnownFileType = sourcecode.swift; path = "Sequence+forEachMutating.swift"; sourceTree = "<group>"; };
/* End PBXFileReference section */

/* Begin PBXFrameworksBuildPhase section */
		3E1EEC8F1F399AE500F8E103 /* Frameworks */ = {
			isa = PBXFrameworksBuildPhase;
			buildActionMask = 2147483647;
			files = (
				3E1EECEA1F39A66D00F8E103 /* RxCocoa.framework in Frameworks */,
				3E1EECEB1F39A66D00F8E103 /* RxSwift.framework in Frameworks */,
				3ED2D01D1F39D7B5007AC2A9 /* Rswift.framework in Frameworks */,
			);
			runOnlyForDeploymentPostprocessing = 0;
		};
		3E1EECA11F399D1400F8E103 /* Frameworks */ = {
			isa = PBXFrameworksBuildPhase;
			buildActionMask = 2147483647;
			files = (
				3ED2D0181F39D79E007AC2A9 /* RxCocoa.framework in Frameworks */,
				3ED2D0191F39D79E007AC2A9 /* RxSwift.framework in Frameworks */,
			);
			runOnlyForDeploymentPostprocessing = 0;
		};
		3E1EECB21F399D2C00F8E103 /* Frameworks */ = {
			isa = PBXFrameworksBuildPhase;
			buildActionMask = 2147483647;
			files = (
				3ED2D01A1F39D7A1007AC2A9 /* RxCocoa.framework in Frameworks */,
				3ED2D01B1F39D7A1007AC2A9 /* RxSwift.framework in Frameworks */,
				3ED2D01C1F39D7AD007AC2A9 /* SwiftyJSON.framework in Frameworks */,
			);
			runOnlyForDeploymentPostprocessing = 0;
		};
		3E2042E51F39609A00950442 /* Frameworks */ = {
			isa = PBXFrameworksBuildPhase;
			buildActionMask = 2147483647;
			files = (
				3E1EECD81F399F4A00F8E103 /* RxCocoa.framework in Frameworks */,
				3E1EECBD1F399D2C00F8E103 /* Data.framework in Frameworks */,
				3E1EECDA1F399F4A00F8E103 /* RxSwift.framework in Frameworks */,
				3ED2D0461F3A03A4007AC2A9 /* Swinject.framework in Frameworks */,
				3E1EECAC1F399D1400F8E103 /* Domain.framework in Frameworks */,
				3E1EECE01F399F4A00F8E103 /* SwiftyBeaver.framework in Frameworks */,
				3ED2D0481F3A03A4007AC2A9 /* SwinjectAutoregistration.framework in Frameworks */,
				3E1EECE21F399F4A00F8E103 /* SwiftyJSON.framework in Frameworks */,
				3ED2D04A1F3A03A4007AC2A9 /* SwinjectStoryboard.framework in Frameworks */,
				3E1EEC9A1F399AE500F8E103 /* Presentation.framework in Frameworks */,
				3E1EECDE1F399F4A00F8E103 /* SwiftDate.framework in Frameworks */,
				3E1EECD41F399F4A00F8E103 /* Rswift.framework in Frameworks */,
			);
			runOnlyForDeploymentPostprocessing = 0;
		};
/* End PBXFrameworksBuildPhase section */

/* Begin PBXGroup section */
		3E1EEC8B1F3999F400F8E103 /* Frameworks */ = {
			isa = PBXGroup;
			children = (
				3E1EECCC1F399F4A00F8E103 /* Rswift.framework */,
				3E1EECCE1F399F4A00F8E103 /* RxCocoa.framework */,
				3E1EECCF1F399F4A00F8E103 /* RxSwift.framework */,
				3E1EECD11F399F4A00F8E103 /* SwiftDate.framework */,
				3E1EECD21F399F4A00F8E103 /* SwiftyBeaver.framework */,
				3E1EECD31F399F4A00F8E103 /* SwiftyJSON.framework */,
				3ED2D0431F3A03A4007AC2A9 /* Swinject.framework */,
				3ED2D0441F3A03A4007AC2A9 /* SwinjectAutoregistration.framework */,
				3ED2D0451F3A03A4007AC2A9 /* SwinjectStoryboard.framework */,
			);
			name = Frameworks;
			sourceTree = "<group>";
		};
		3E1EEC941F399AE500F8E103 /* Presentation */ = {
			isa = PBXGroup;
			children = (
				3ED2D0201F39D7DF007AC2A9 /* R.generated.swift */,
				3E1EECE41F39A56800F8E103 /* Scenes */,
				3ED2D0101F39D670007AC2A9 /* Views */,
				3ED2D0221F39DDFF007AC2A9 /* Sources */,
				3E1EECC61F399E2900F8E103 /* Others */,
			);
			path = Presentation;
			sourceTree = "<group>";
		};
		3E1EECA61F399D1400F8E103 /* Domain */ = {
			isa = PBXGroup;
			children = (
				3E1EECCA1F399E6000F8E103 /* Sources */,
				3E1EECC71F399E3400F8E103 /* Others */,
			);
			path = Domain;
			sourceTree = "<group>";
		};
		3E1EECB71F399D2C00F8E103 /* Data */ = {
			isa = PBXGroup;
			children = (
				3E1EECC91F399E5900F8E103 /* Sources */,
				3E1EECC81F399E3800F8E103 /* Others */,
			);
			path = Data;
			sourceTree = "<group>";
		};
		3E1EECC61F399E2900F8E103 /* Others */ = {
			isa = PBXGroup;
			children = (
				3E1EEC951F399AE500F8E103 /* Presentation.h */,
				3E1EEC961F399AE500F8E103 /* Info.plist */,
			);
			name = Others;
			sourceTree = "<group>";
		};
		3E1EECC71F399E3400F8E103 /* Others */ = {
			isa = PBXGroup;
			children = (
				3E1EECA71F399D1400F8E103 /* Domain.h */,
				3E1EECA81F399D1400F8E103 /* Info.plist */,
			);
			name = Others;
			sourceTree = "<group>";
		};
		3E1EECC81F399E3800F8E103 /* Others */ = {
			isa = PBXGroup;
			children = (
				3E1EECB81F399D2C00F8E103 /* Data.h */,
				3E1EECB91F399D2C00F8E103 /* Info.plist */,
			);
			name = Others;
			sourceTree = "<group>";
		};
		3E1EECC91F399E5900F8E103 /* Sources */ = {
			isa = PBXGroup;
			children = (
				3ED2D0311F39E5B8007AC2A9 /* Repository */,
			);
			path = Sources;
			sourceTree = "<group>";
		};
		3E1EECCA1F399E6000F8E103 /* Sources */ = {
			isa = PBXGroup;
			children = (
				3ED2D0091F39D2AA007AC2A9 /* UseCase */,
				3ED2D0071F39D2AA007AC2A9 /* Entity */,
				3ED2D0081F39D2AA007AC2A9 /* RepositoryInterface */,
				3ED2D0401F3A00F1007AC2A9 /* Utility */,
			);
			path = Sources;
			sourceTree = "<group>";
		};
		3E1EECE41F39A56800F8E103 /* Scenes */ = {
			isa = PBXGroup;
			children = (
				3E1EECE51F39A59100F8E103 /* ProgramList */,
				3ED2D0251F39E057007AC2A9 /* ProgramDetail */,
			);
			path = Scenes;
			sourceTree = "<group>";
		};
		3E1EECE51F39A59100F8E103 /* ProgramList */ = {
			isa = PBXGroup;
			children = (
				3E1EECE61F39A5BC00F8E103 /* ProgramList.storyboard */,
				3E1EECE81F39A5D000F8E103 /* ProgramListTableViewController.swift */,
				3ED2D0031F39D251007AC2A9 /* ProgramListViewModel.swift */,
				3ED2D0051F39D25C007AC2A9 /* ProgramListNavigator.swift */,
			);
			path = ProgramList;
			sourceTree = "<group>";
		};
		3E2042DF1F39609A00950442 = {
			isa = PBXGroup;
			children = (
				3E2043041F39616C00950442 /* Cartfile */,
				3E2042EA1F39609A00950442 /* NHKProgram */,
				3E1EEC941F399AE500F8E103 /* Presentation */,
				3E1EECA61F399D1400F8E103 /* Domain */,
				3E1EECB71F399D2C00F8E103 /* Data */,
				3E1EEC8B1F3999F400F8E103 /* Frameworks */,
				3E2042E91F39609A00950442 /* Products */,
			);
			sourceTree = "<group>";
		};
		3E2042E91F39609A00950442 /* Products */ = {
			isa = PBXGroup;
			children = (
				3E2042E81F39609A00950442 /* NHKProgram.app */,
				3E1EEC931F399AE500F8E103 /* Presentation.framework */,
				3E1EECA51F399D1400F8E103 /* Domain.framework */,
				3E1EECB61F399D2C00F8E103 /* Data.framework */,
			);
			name = Products;
			sourceTree = "<group>";
		};
		3E2042EA1F39609A00950442 /* NHKProgram */ = {
			isa = PBXGroup;
			children = (
				3ED2D01E1F39D7D2007AC2A9 /* R.generated.swift */,
				3E2042FD1F3960FC00950442 /* Sources */,
				3E2043011F39612C00950442 /* Resources */,
				3E2043001F39610000950442 /* Others */,
			);
			path = NHKProgram;
			sourceTree = "<group>";
		};
		3E2042FD1F3960FC00950442 /* Sources */ = {
			isa = PBXGroup;
			children = (
				3E2042FE1F3960FC00950442 /* AppDelegate.swift */,
				3ED2D03E1F39FF51007AC2A9 /* SwinjectStoryboard.swift */,
			);
			path = Sources;
			sourceTree = "<group>";
		};
		3E2043001F39610000950442 /* Others */ = {
			isa = PBXGroup;
			children = (
				3E2042F71F39609A00950442 /* Info.plist */,
			);
			name = Others;
			sourceTree = "<group>";
		};
		3E2043011F39612C00950442 /* Resources */ = {
			isa = PBXGroup;
			children = (
				3E2D2A1C1F39CCDA00378612 /* Main.storyboard */,
				3E1EECC41F399D7E00F8E103 /* LaunchScreen.storyboard */,
				3E1EEC8C1F399A4F00F8E103 /* Assets.xcassets */,
			);
			path = Resources;
			sourceTree = "<group>";
		};
		3E53B8851F3C8F0A00D08232 /* RightDetailTableViewCell */ = {
			isa = PBXGroup;
			children = (
				3E53B8871F3C8F0A00D08232 /* RightDetailTableViewCell.xib */,
				3E53B8861F3C8F0A00D08232 /* RightDetailTableViewCell.swift */,
			);
			path = RightDetailTableViewCell;
			sourceTree = "<group>";
		};
		3E53B88C1F3CB03300D08232 /* Foundation */ = {
			isa = PBXGroup;
			children = (
				3E53B88D1F3CB04600D08232 /* FoundationImageRepository.swift */,
			);
			path = Foundation;
			sourceTree = "<group>";
		};
		3ED2D0071F39D2AA007AC2A9 /* Entity */ = {
			isa = PBXGroup;
			children = (
				3ED2D00E1F39D3B2007AC2A9 /* Program.swift */,
				3ED2D0381F39ECC2007AC2A9 /* Errors.swift */,
			);
			path = Entity;
			sourceTree = "<group>";
		};
		3ED2D0081F39D2AA007AC2A9 /* RepositoryInterface */ = {
			isa = PBXGroup;
			children = (
				3ED2D02E1F39E445007AC2A9 /* ProgramRepositoryInterface.swift */,
				3E53B88A1F3CAFE900D08232 /* ImageRepositoryInterface.swift */,
			);
			path = RepositoryInterface;
			sourceTree = "<group>";
		};
		3ED2D0091F39D2AA007AC2A9 /* UseCase */ = {
			isa = PBXGroup;
			children = (
				3ED2D00A1F39D2B8007AC2A9 /* ProgramDetailUseCase.swift */,
				3ED2D00C1F39D374007AC2A9 /* ProgramListUseCase.swift */,
			);
			path = UseCase;
			sourceTree = "<group>";
		};
		3ED2D0101F39D670007AC2A9 /* Views */ = {
			isa = PBXGroup;
			children = (
				3E53B8851F3C8F0A00D08232 /* RightDetailTableViewCell */,
				3ED2D0111F39D685007AC2A9 /* ProgramTableViewCell */,
			);
			path = Views;
			sourceTree = "<group>";
		};
		3ED2D0111F39D685007AC2A9 /* ProgramTableViewCell */ = {
			isa = PBXGroup;
			children = (
				3ED2D0131F39D69F007AC2A9 /* ProgramTableViewCell.xib */,
				3ED2D0121F39D69F007AC2A9 /* ProgramTableViewCell.swift */,
			);
			path = ProgramTableViewCell;
			sourceTree = "<group>";
		};
		3ED2D0221F39DDFF007AC2A9 /* Sources */ = {
			isa = PBXGroup;
			children = (
				3ED2D0231F39DE0A007AC2A9 /* ViewModel.swift */,
				3ED2D0501F3C5882007AC2A9 /* Reactive+UIView+backgroundColor.swift */,
			);
			path = Sources;
			sourceTree = "<group>";
		};
		3ED2D0251F39E057007AC2A9 /* ProgramDetail */ = {
			isa = PBXGroup;
			children = (
				3ED2D0261F39E06E007AC2A9 /* ProgramDetail.storyboard */,
				3ED2D0281F39E07E007AC2A9 /* ProgramDetailTableViewController.swift */,
				3ED2D02A1F39E087007AC2A9 /* ProgramDetailViewModel.swift */,
				3ED2D02C1F39E094007AC2A9 /* ProgramDetailNavigator.swift */,
			);
			path = ProgramDetail;
			sourceTree = "<group>";
		};
		3ED2D0311F39E5B8007AC2A9 /* Repository */ = {
			isa = PBXGroup;
			children = (
				3E53B88C1F3CB03300D08232 /* Foundation */,
				3ED2D0321F39E5B8007AC2A9 /* NHK */,
			);
			path = Repository;
			sourceTree = "<group>";
		};
		3ED2D0321F39E5B8007AC2A9 /* NHK */ = {
			isa = PBXGroup;
			children = (
				3ED2D0351F39E611007AC2A9 /* secret */,
				3ED2D0331F39E5C6007AC2A9 /* NHKProgramRepository.swift */,
			);
			path = NHK;
			sourceTree = "<group>";
		};
		3ED2D0351F39E611007AC2A9 /* secret */ = {
			isa = PBXGroup;
			children = (
				3ED2D0361F39E61B007AC2A9 /* NHKSecret.swift */,
			);
			path = secret;
			sourceTree = "<group>";
		};
		3ED2D0401F3A00F1007AC2A9 /* Utility */ = {
			isa = PBXGroup;
			children = (
				3ED2D0411F3A0108007AC2A9 /* Factory.swift */,
				3ED2D04C1F3A0C0E007AC2A9 /* RxSwift+Extension.swift */,
				3ED2D0521F3C7DE6007AC2A9 /* Sequence+forEachMutating.swift */,
			);
			path = Utility;
			sourceTree = "<group>";
		};
/* End PBXGroup section */

/* Begin PBXHeadersBuildPhase section */
		3E1EEC901F399AE500F8E103 /* Headers */ = {
			isa = PBXHeadersBuildPhase;
			buildActionMask = 2147483647;
			files = (
				3E1EEC971F399AE500F8E103 /* Presentation.h in Headers */,
			);
			runOnlyForDeploymentPostprocessing = 0;
		};
		3E1EECA21F399D1400F8E103 /* Headers */ = {
			isa = PBXHeadersBuildPhase;
			buildActionMask = 2147483647;
			files = (
				3E1EECA91F399D1400F8E103 /* Domain.h in Headers */,
			);
			runOnlyForDeploymentPostprocessing = 0;
		};
		3E1EECB31F399D2C00F8E103 /* Headers */ = {
			isa = PBXHeadersBuildPhase;
			buildActionMask = 2147483647;
			files = (
				3E1EECBA1F399D2C00F8E103 /* Data.h in Headers */,
			);
			runOnlyForDeploymentPostprocessing = 0;
		};
/* End PBXHeadersBuildPhase section */

/* Begin PBXNativeTarget section */
		3E1EEC921F399AE500F8E103 /* Presentation */ = {
			isa = PBXNativeTarget;
			buildConfigurationList = 3E1EEC9C1F399AE500F8E103 /* Build configuration list for PBXNativeTarget "Presentation" */;
			buildPhases = (
				3ED2D0171F39D773007AC2A9 /* R.swift */,
				3E1EEC8E1F399AE500F8E103 /* Sources */,
				3E1EEC8F1F399AE500F8E103 /* Frameworks */,
				3E1EEC901F399AE500F8E103 /* Headers */,
				3E1EEC911F399AE500F8E103 /* Resources */,
			);
			buildRules = (
			);
			dependencies = (
				3ED2D03B1F39EEFC007AC2A9 /* PBXTargetDependency */,
			);
			name = Presentation;
			productName = Presentation;
			productReference = 3E1EEC931F399AE500F8E103 /* Presentation.framework */;
			productType = "com.apple.product-type.framework";
		};
		3E1EECA41F399D1400F8E103 /* Domain */ = {
			isa = PBXNativeTarget;
			buildConfigurationList = 3E1EECAE1F399D1400F8E103 /* Build configuration list for PBXNativeTarget "Domain" */;
			buildPhases = (
				3E1EECA01F399D1400F8E103 /* Sources */,
				3E1EECA11F399D1400F8E103 /* Frameworks */,
				3E1EECA21F399D1400F8E103 /* Headers */,
				3E1EECA31F399D1400F8E103 /* Resources */,
			);
			buildRules = (
			);
			dependencies = (
			);
			name = Domain;
			productName = Domain;
			productReference = 3E1EECA51F399D1400F8E103 /* Domain.framework */;
			productType = "com.apple.product-type.framework";
		};
		3E1EECB51F399D2C00F8E103 /* Data */ = {
			isa = PBXNativeTarget;
			buildConfigurationList = 3E1EECBF1F399D2C00F8E103 /* Build configuration list for PBXNativeTarget "Data" */;
			buildPhases = (
				3E1EECB11F399D2C00F8E103 /* Sources */,
				3E1EECB21F399D2C00F8E103 /* Frameworks */,
				3E1EECB31F399D2C00F8E103 /* Headers */,
				3E1EECB41F399D2C00F8E103 /* Resources */,
			);
			buildRules = (
			);
			dependencies = (
				3ED2D03D1F39EF00007AC2A9 /* PBXTargetDependency */,
			);
			name = Data;
			productName = Data;
			productReference = 3E1EECB61F399D2C00F8E103 /* Data.framework */;
			productType = "com.apple.product-type.framework";
		};
		3E2042E71F39609A00950442 /* NHKProgram */ = {
			isa = PBXNativeTarget;
			buildConfigurationList = 3E2042FA1F39609A00950442 /* Build configuration list for PBXNativeTarget "NHKProgram" */;
			buildPhases = (
				3ED2D0161F39D73B007AC2A9 /* R.swift */,
				3E2042E41F39609A00950442 /* Sources */,
				3E2042E51F39609A00950442 /* Frameworks */,
				3E2042E61F39609A00950442 /* Resources */,
				3E1EEC9F1F399AE500F8E103 /* Embed Frameworks */,
			);
			buildRules = (
			);
			dependencies = (
				3E1EEC991F399AE500F8E103 /* PBXTargetDependency */,
				3E1EECAB1F399D1400F8E103 /* PBXTargetDependency */,
				3E1EECBC1F399D2C00F8E103 /* PBXTargetDependency */,
			);
			name = NHKProgram;
			productName = NHKProgram;
			productReference = 3E2042E81F39609A00950442 /* NHKProgram.app */;
			productType = "com.apple.product-type.application";
		};
/* End PBXNativeTarget section */

/* Begin PBXProject section */
		3E2042E01F39609A00950442 /* Project object */ = {
			isa = PBXProject;
			attributes = {
				LastSwiftUpdateCheck = 0830;
				LastUpgradeCheck = 0830;
				ORGANIZATIONNAME = takka;
				TargetAttributes = {
					3E1EEC921F399AE500F8E103 = {
						CreatedOnToolsVersion = 8.3.3;
						DevelopmentTeam = F9VCJL39J2;
						LastSwiftMigration = 0830;
						ProvisioningStyle = Automatic;
					};
					3E1EECA41F399D1400F8E103 = {
						CreatedOnToolsVersion = 8.3.3;
						DevelopmentTeam = F9VCJL39J2;
						LastSwiftMigration = 0830;
						ProvisioningStyle = Automatic;
					};
					3E1EECB51F399D2C00F8E103 = {
						CreatedOnToolsVersion = 8.3.3;
						DevelopmentTeam = F9VCJL39J2;
						LastSwiftMigration = 0830;
						ProvisioningStyle = Automatic;
					};
					3E2042E71F39609A00950442 = {
						CreatedOnToolsVersion = 8.3.3;
						DevelopmentTeam = F9VCJL39J2;
						ProvisioningStyle = Automatic;
					};
				};
			};
			buildConfigurationList = 3E2042E31F39609A00950442 /* Build configuration list for PBXProject "NHKProgram" */;
			compatibilityVersion = "Xcode 3.2";
			developmentRegion = Japanese;
			hasScannedForEncodings = 0;
			knownRegions = (
				ja,
			);
			mainGroup = 3E2042DF1F39609A00950442;
			productRefGroup = 3E2042E91F39609A00950442 /* Products */;
			projectDirPath = "";
			projectRoot = "";
			targets = (
				3E2042E71F39609A00950442 /* NHKProgram */,
				3E1EEC921F399AE500F8E103 /* Presentation */,
				3E1EECA41F399D1400F8E103 /* Domain */,
				3E1EECB51F399D2C00F8E103 /* Data */,
			);
		};
/* End PBXProject section */

/* Begin PBXResourcesBuildPhase section */
		3E1EEC911F399AE500F8E103 /* Resources */ = {
			isa = PBXResourcesBuildPhase;
			buildActionMask = 2147483647;
			files = (
				3ED2D0151F39D69F007AC2A9 /* ProgramTableViewCell.xib in Resources */,
				3E53B8891F3C8F0A00D08232 /* RightDetailTableViewCell.xib in Resources */,
				3E1EECE71F39A5BC00F8E103 /* ProgramList.storyboard in Resources */,
				3ED2D0271F39E06E007AC2A9 /* ProgramDetail.storyboard in Resources */,
			);
			runOnlyForDeploymentPostprocessing = 0;
		};
		3E1EECA31F399D1400F8E103 /* Resources */ = {
			isa = PBXResourcesBuildPhase;
			buildActionMask = 2147483647;
			files = (
			);
			runOnlyForDeploymentPostprocessing = 0;
		};
		3E1EECB41F399D2C00F8E103 /* Resources */ = {
			isa = PBXResourcesBuildPhase;
			buildActionMask = 2147483647;
			files = (
			);
			runOnlyForDeploymentPostprocessing = 0;
		};
		3E2042E61F39609A00950442 /* Resources */ = {
			isa = PBXResourcesBuildPhase;
			buildActionMask = 2147483647;
			files = (
				3E1EECC51F399D7E00F8E103 /* LaunchScreen.storyboard in Resources */,
				3E1EEC8D1F399A4F00F8E103 /* Assets.xcassets in Resources */,
				3E2D2A1A1F39CCDA00378612 /* Main.storyboard in Resources */,
			);
			runOnlyForDeploymentPostprocessing = 0;
		};
/* End PBXResourcesBuildPhase section */

/* Begin PBXShellScriptBuildPhase section */
		3ED2D0161F39D73B007AC2A9 /* R.swift */ = {
			isa = PBXShellScriptBuildPhase;
			buildActionMask = 2147483647;
			files = (
			);
			inputPaths = (
			);
			name = R.swift;
			outputPaths = (
			);
			runOnlyForDeploymentPostprocessing = 0;
			shellPath = /bin/sh;
			shellScript = "\"$SRCROOT/bin/rswift\" \"$SRCROOT/NHKProgram\"";
		};
		3ED2D0171F39D773007AC2A9 /* R.swift */ = {
			isa = PBXShellScriptBuildPhase;
			buildActionMask = 2147483647;
			files = (
			);
			inputPaths = (
			);
			name = R.swift;
			outputPaths = (
			);
			runOnlyForDeploymentPostprocessing = 0;
			shellPath = /bin/sh;
			shellScript = "\"$SRCROOT/bin/rswift\" \"$SRCROOT/Presentation\"";
		};
/* End PBXShellScriptBuildPhase section */

/* Begin PBXSourcesBuildPhase section */
		3E1EEC8E1F399AE500F8E103 /* Sources */ = {
			isa = PBXSourcesBuildPhase;
			buildActionMask = 2147483647;
			files = (
				3ED2D0141F39D69F007AC2A9 /* ProgramTableViewCell.swift in Sources */,
				3E53B8881F3C8F0A00D08232 /* RightDetailTableViewCell.swift in Sources */,
				3E1EECE91F39A5D000F8E103 /* ProgramListTableViewController.swift in Sources */,
				3ED2D02D1F39E094007AC2A9 /* ProgramDetailNavigator.swift in Sources */,
				3ED2D0511F3C5882007AC2A9 /* Reactive+UIView+backgroundColor.swift in Sources */,
				3ED2D0291F39E07E007AC2A9 /* ProgramDetailTableViewController.swift in Sources */,
				3ED2D0211F39D7DF007AC2A9 /* R.generated.swift in Sources */,
				3ED2D0041F39D251007AC2A9 /* ProgramListViewModel.swift in Sources */,
				3ED2D0241F39DE0A007AC2A9 /* ViewModel.swift in Sources */,
				3ED2D02B1F39E087007AC2A9 /* ProgramDetailViewModel.swift in Sources */,
				3ED2D0061F39D25C007AC2A9 /* ProgramListNavigator.swift in Sources */,
			);
			runOnlyForDeploymentPostprocessing = 0;
		};
		3E1EECA01F399D1400F8E103 /* Sources */ = {
			isa = PBXSourcesBuildPhase;
			buildActionMask = 2147483647;
			files = (
				3ED2D02F1F39E445007AC2A9 /* ProgramRepositoryInterface.swift in Sources */,
				3ED2D00D1F39D374007AC2A9 /* ProgramListUseCase.swift in Sources */,
				3ED2D0421F3A0108007AC2A9 /* Factory.swift in Sources */,
				3ED2D00B1F39D2B8007AC2A9 /* ProgramDetailUseCase.swift in Sources */,
				3ED2D0391F39ECC2007AC2A9 /* Errors.swift in Sources */,
				3ED2D04D1F3A0C0E007AC2A9 /* RxSwift+Extension.swift in Sources */,
				3ED2D0531F3C7DE6007AC2A9 /* Sequence+forEachMutating.swift in Sources */,
				3ED2D00F1F39D3B2007AC2A9 /* Program.swift in Sources */,
				3E53B88B1F3CAFE900D08232 /* ImageRepositoryInterface.swift in Sources */,
			);
			runOnlyForDeploymentPostprocessing = 0;
		};
		3E1EECB11F399D2C00F8E103 /* Sources */ = {
			isa = PBXSourcesBuildPhase;
			buildActionMask = 2147483647;
			files = (
				3E53B88E1F3CB04600D08232 /* FoundationImageRepository.swift in Sources */,
				3ED2D0341F39E5C6007AC2A9 /* NHKProgramRepository.swift in Sources */,
				3ED2D0371F39E61B007AC2A9 /* NHKSecret.swift in Sources */,
			);
			runOnlyForDeploymentPostprocessing = 0;
		};
		3E2042E41F39609A00950442 /* Sources */ = {
			isa = PBXSourcesBuildPhase;
			buildActionMask = 2147483647;
			files = (
				3E2042FF1F3960FC00950442 /* AppDelegate.swift in Sources */,
				3ED2D01F1F39D7D2007AC2A9 /* R.generated.swift in Sources */,
				3ED2D03F1F39FF51007AC2A9 /* SwinjectStoryboard.swift in Sources */,
			);
			runOnlyForDeploymentPostprocessing = 0;
		};
/* End PBXSourcesBuildPhase section */

/* Begin PBXTargetDependency section */
		3E1EEC991F399AE500F8E103 /* PBXTargetDependency */ = {
			isa = PBXTargetDependency;
			target = 3E1EEC921F399AE500F8E103 /* Presentation */;
			targetProxy = 3E1EEC981F399AE500F8E103 /* PBXContainerItemProxy */;
		};
		3E1EECAB1F399D1400F8E103 /* PBXTargetDependency */ = {
			isa = PBXTargetDependency;
			target = 3E1EECA41F399D1400F8E103 /* Domain */;
			targetProxy = 3E1EECAA1F399D1400F8E103 /* PBXContainerItemProxy */;
		};
		3E1EECBC1F399D2C00F8E103 /* PBXTargetDependency */ = {
			isa = PBXTargetDependency;
			target = 3E1EECB51F399D2C00F8E103 /* Data */;
			targetProxy = 3E1EECBB1F399D2C00F8E103 /* PBXContainerItemProxy */;
		};
		3ED2D03B1F39EEFC007AC2A9 /* PBXTargetDependency */ = {
			isa = PBXTargetDependency;
			target = 3E1EECA41F399D1400F8E103 /* Domain */;
			targetProxy = 3ED2D03A1F39EEFC007AC2A9 /* PBXContainerItemProxy */;
		};
		3ED2D03D1F39EF00007AC2A9 /* PBXTargetDependency */ = {
			isa = PBXTargetDependency;
			target = 3E1EECA41F399D1400F8E103 /* Domain */;
			targetProxy = 3ED2D03C1F39EF00007AC2A9 /* PBXContainerItemProxy */;
		};
/* End PBXTargetDependency section */

/* Begin PBXVariantGroup section */
		3E2D2A1C1F39CCDA00378612 /* Main.storyboard */ = {
			isa = PBXVariantGroup;
			children = (
				3E2D2A1D1F39CCE200378612 /* ja */,
			);
			name = Main.storyboard;
			sourceTree = "<group>";
		};
/* End PBXVariantGroup section */

/* Begin XCBuildConfiguration section */
		3E1EEC9D1F399AE500F8E103 /* Debug */ = {
			isa = XCBuildConfiguration;
			buildSettings = {
				CLANG_ENABLE_MODULES = YES;
				CODE_SIGN_IDENTITY = "";
				CURRENT_PROJECT_VERSION = 1;
				DEFINES_MODULE = YES;
				DEVELOPMENT_TEAM = F9VCJL39J2;
				DYLIB_COMPATIBILITY_VERSION = 1;
				DYLIB_CURRENT_VERSION = 1;
				DYLIB_INSTALL_NAME_BASE = "@rpath";
				FRAMEWORK_SEARCH_PATHS = (
					"$(inherited)",
					"$(PROJECT_DIR)/Carthage/Build/iOS",
				);
				INFOPLIST_FILE = Presentation/Info.plist;
				INSTALL_PATH = "$(LOCAL_LIBRARY_DIR)/Frameworks";
				LD_RUNPATH_SEARCH_PATHS = "$(inherited) @executable_path/Frameworks @loader_path/Frameworks";
				PRODUCT_BUNDLE_IDENTIFIER = com.opuappnavi.NHKProgram.Presentation;
				PRODUCT_NAME = "$(TARGET_NAME)";
				SKIP_INSTALL = YES;
				SWIFT_OPTIMIZATION_LEVEL = "-Onone";
				SWIFT_VERSION = 3.0;
				VERSIONING_SYSTEM = "apple-generic";
				VERSION_INFO_PREFIX = "";
			};
			name = Debug;
		};
		3E1EEC9E1F399AE500F8E103 /* Release */ = {
			isa = XCBuildConfiguration;
			buildSettings = {
				CLANG_ENABLE_MODULES = YES;
				CODE_SIGN_IDENTITY = "";
				CURRENT_PROJECT_VERSION = 1;
				DEFINES_MODULE = YES;
				DEVELOPMENT_TEAM = F9VCJL39J2;
				DYLIB_COMPATIBILITY_VERSION = 1;
				DYLIB_CURRENT_VERSION = 1;
				DYLIB_INSTALL_NAME_BASE = "@rpath";
				FRAMEWORK_SEARCH_PATHS = (
					"$(inherited)",
					"$(PROJECT_DIR)/Carthage/Build/iOS",
				);
				INFOPLIST_FILE = Presentation/Info.plist;
				INSTALL_PATH = "$(LOCAL_LIBRARY_DIR)/Frameworks";
				LD_RUNPATH_SEARCH_PATHS = "$(inherited) @executable_path/Frameworks @loader_path/Frameworks";
				PRODUCT_BUNDLE_IDENTIFIER = com.opuappnavi.NHKProgram.Presentation;
				PRODUCT_NAME = "$(TARGET_NAME)";
				SKIP_INSTALL = YES;
				SWIFT_VERSION = 3.0;
				VERSIONING_SYSTEM = "apple-generic";
				VERSION_INFO_PREFIX = "";
			};
			name = Release;
		};
		3E1EECAF1F399D1400F8E103 /* Debug */ = {
			isa = XCBuildConfiguration;
			buildSettings = {
				CLANG_ENABLE_MODULES = YES;
				CODE_SIGN_IDENTITY = "";
				CURRENT_PROJECT_VERSION = 1;
				DEFINES_MODULE = YES;
				DEVELOPMENT_TEAM = F9VCJL39J2;
				DYLIB_COMPATIBILITY_VERSION = 1;
				DYLIB_CURRENT_VERSION = 1;
				DYLIB_INSTALL_NAME_BASE = "@rpath";
				FRAMEWORK_SEARCH_PATHS = (
					"$(inherited)",
					"$(PROJECT_DIR)/Carthage/Build/iOS",
				);
				INFOPLIST_FILE = Domain/Info.plist;
				INSTALL_PATH = "$(LOCAL_LIBRARY_DIR)/Frameworks";
				LD_RUNPATH_SEARCH_PATHS = "$(inherited) @executable_path/Frameworks @loader_path/Frameworks";
				PRODUCT_BUNDLE_IDENTIFIER = com.opuappnavi.NHKProgram.Domain;
				PRODUCT_NAME = "$(TARGET_NAME)";
				SKIP_INSTALL = YES;
				SWIFT_OPTIMIZATION_LEVEL = "-Onone";
				SWIFT_VERSION = 3.0;
				VERSIONING_SYSTEM = "apple-generic";
				VERSION_INFO_PREFIX = "";
			};
			name = Debug;
		};
		3E1EECB01F399D1400F8E103 /* Release */ = {
			isa = XCBuildConfiguration;
			buildSettings = {
				CLANG_ENABLE_MODULES = YES;
				CODE_SIGN_IDENTITY = "";
				CURRENT_PROJECT_VERSION = 1;
				DEFINES_MODULE = YES;
				DEVELOPMENT_TEAM = F9VCJL39J2;
				DYLIB_COMPATIBILITY_VERSION = 1;
				DYLIB_CURRENT_VERSION = 1;
				DYLIB_INSTALL_NAME_BASE = "@rpath";
				FRAMEWORK_SEARCH_PATHS = (
					"$(inherited)",
					"$(PROJECT_DIR)/Carthage/Build/iOS",
				);
				INFOPLIST_FILE = Domain/Info.plist;
				INSTALL_PATH = "$(LOCAL_LIBRARY_DIR)/Frameworks";
				LD_RUNPATH_SEARCH_PATHS = "$(inherited) @executable_path/Frameworks @loader_path/Frameworks";
				PRODUCT_BUNDLE_IDENTIFIER = com.opuappnavi.NHKProgram.Domain;
				PRODUCT_NAME = "$(TARGET_NAME)";
				SKIP_INSTALL = YES;
				SWIFT_VERSION = 3.0;
				VERSIONING_SYSTEM = "apple-generic";
				VERSION_INFO_PREFIX = "";
			};
			name = Release;
		};
		3E1EECC01F399D2C00F8E103 /* Debug */ = {
			isa = XCBuildConfiguration;
			buildSettings = {
				CLANG_ENABLE_MODULES = YES;
				CODE_SIGN_IDENTITY = "";
				CURRENT_PROJECT_VERSION = 1;
				DEFINES_MODULE = YES;
				DEVELOPMENT_TEAM = F9VCJL39J2;
				DYLIB_COMPATIBILITY_VERSION = 1;
				DYLIB_CURRENT_VERSION = 1;
				DYLIB_INSTALL_NAME_BASE = "@rpath";
				FRAMEWORK_SEARCH_PATHS = (
					"$(inherited)",
					"$(PROJECT_DIR)/Carthage/Build/iOS",
				);
				INFOPLIST_FILE = Data/Info.plist;
				INSTALL_PATH = "$(LOCAL_LIBRARY_DIR)/Frameworks";
				LD_RUNPATH_SEARCH_PATHS = "$(inherited) @executable_path/Frameworks @loader_path/Frameworks";
				PRODUCT_BUNDLE_IDENTIFIER = com.opuappnavi.NHKProgram.Data;
				PRODUCT_NAME = "$(TARGET_NAME)";
				SKIP_INSTALL = YES;
				SWIFT_OPTIMIZATION_LEVEL = "-Onone";
				SWIFT_VERSION = 3.0;
				VERSIONING_SYSTEM = "apple-generic";
				VERSION_INFO_PREFIX = "";
			};
			name = Debug;
		};
		3E1EECC11F399D2C00F8E103 /* Release */ = {
			isa = XCBuildConfiguration;
			buildSettings = {
				CLANG_ENABLE_MODULES = YES;
				CODE_SIGN_IDENTITY = "";
				CURRENT_PROJECT_VERSION = 1;
				DEFINES_MODULE = YES;
				DEVELOPMENT_TEAM = F9VCJL39J2;
				DYLIB_COMPATIBILITY_VERSION = 1;
				DYLIB_CURRENT_VERSION = 1;
				DYLIB_INSTALL_NAME_BASE = "@rpath";
				FRAMEWORK_SEARCH_PATHS = (
					"$(inherited)",
					"$(PROJECT_DIR)/Carthage/Build/iOS",
				);
				INFOPLIST_FILE = Data/Info.plist;
				INSTALL_PATH = "$(LOCAL_LIBRARY_DIR)/Frameworks";
				LD_RUNPATH_SEARCH_PATHS = "$(inherited) @executable_path/Frameworks @loader_path/Frameworks";
				PRODUCT_BUNDLE_IDENTIFIER = com.opuappnavi.NHKProgram.Data;
				PRODUCT_NAME = "$(TARGET_NAME)";
				SKIP_INSTALL = YES;
				SWIFT_VERSION = 3.0;
				VERSIONING_SYSTEM = "apple-generic";
				VERSION_INFO_PREFIX = "";
			};
			name = Release;
		};
		3E2042F81F39609A00950442 /* Debug */ = {
			isa = XCBuildConfiguration;
			buildSettings = {
				ALWAYS_SEARCH_USER_PATHS = NO;
				CLANG_ANALYZER_LOCALIZABILITY_NONLOCALIZED = YES;
				CLANG_ANALYZER_NONNULL = YES;
				CLANG_ANALYZER_NUMBER_OBJECT_CONVERSION = YES_AGGRESSIVE;
				CLANG_CXX_LANGUAGE_STANDARD = "gnu++0x";
				CLANG_CXX_LIBRARY = "libc++";
				CLANG_ENABLE_MODULES = YES;
				CLANG_ENABLE_OBJC_ARC = YES;
				CLANG_WARN_BOOL_CONVERSION = YES;
				CLANG_WARN_CONSTANT_CONVERSION = YES;
				CLANG_WARN_DIRECT_OBJC_ISA_USAGE = YES_ERROR;
				CLANG_WARN_DOCUMENTATION_COMMENTS = YES;
				CLANG_WARN_EMPTY_BODY = YES;
				CLANG_WARN_ENUM_CONVERSION = YES;
				CLANG_WARN_INFINITE_RECURSION = YES;
				CLANG_WARN_INT_CONVERSION = YES;
				CLANG_WARN_OBJC_ROOT_CLASS = YES_ERROR;
				CLANG_WARN_SUSPICIOUS_MOVE = YES;
				CLANG_WARN_UNREACHABLE_CODE = YES;
				CLANG_WARN__DUPLICATE_METHOD_MATCH = YES;
				"CODE_SIGN_IDENTITY[sdk=iphoneos*]" = "iPhone Developer";
				COPY_PHASE_STRIP = NO;
				DEBUG_INFORMATION_FORMAT = dwarf;
				ENABLE_STRICT_OBJC_MSGSEND = YES;
				ENABLE_TESTABILITY = YES;
				GCC_C_LANGUAGE_STANDARD = gnu99;
				GCC_DYNAMIC_NO_PIC = NO;
				GCC_NO_COMMON_BLOCKS = YES;
				GCC_OPTIMIZATION_LEVEL = 0;
				GCC_PREPROCESSOR_DEFINITIONS = (
					"DEBUG=1",
					"$(inherited)",
				);
				GCC_WARN_64_TO_32_BIT_CONVERSION = YES;
				GCC_WARN_ABOUT_RETURN_TYPE = YES_ERROR;
				GCC_WARN_UNDECLARED_SELECTOR = YES;
				GCC_WARN_UNINITIALIZED_AUTOS = YES_AGGRESSIVE;
				GCC_WARN_UNUSED_FUNCTION = YES;
				GCC_WARN_UNUSED_VARIABLE = YES;
				IPHONEOS_DEPLOYMENT_TARGET = 10.3;
				MTL_ENABLE_DEBUG_INFO = YES;
				ONLY_ACTIVE_ARCH = YES;
				SDKROOT = iphoneos;
				SWIFT_ACTIVE_COMPILATION_CONDITIONS = DEBUG;
				SWIFT_OPTIMIZATION_LEVEL = "-Onone";
				TARGETED_DEVICE_FAMILY = "1,2";
			};
			name = Debug;
		};
		3E2042F91F39609A00950442 /* Release */ = {
			isa = XCBuildConfiguration;
			buildSettings = {
				ALWAYS_SEARCH_USER_PATHS = NO;
				CLANG_ANALYZER_LOCALIZABILITY_NONLOCALIZED = YES;
				CLANG_ANALYZER_NONNULL = YES;
				CLANG_ANALYZER_NUMBER_OBJECT_CONVERSION = YES_AGGRESSIVE;
				CLANG_CXX_LANGUAGE_STANDARD = "gnu++0x";
				CLANG_CXX_LIBRARY = "libc++";
				CLANG_ENABLE_MODULES = YES;
				CLANG_ENABLE_OBJC_ARC = YES;
				CLANG_WARN_BOOL_CONVERSION = YES;
				CLANG_WARN_CONSTANT_CONVERSION = YES;
				CLANG_WARN_DIRECT_OBJC_ISA_USAGE = YES_ERROR;
				CLANG_WARN_DOCUMENTATION_COMMENTS = YES;
				CLANG_WARN_EMPTY_BODY = YES;
				CLANG_WARN_ENUM_CONVERSION = YES;
				CLANG_WARN_INFINITE_RECURSION = YES;
				CLANG_WARN_INT_CONVERSION = YES;
				CLANG_WARN_OBJC_ROOT_CLASS = YES_ERROR;
				CLANG_WARN_SUSPICIOUS_MOVE = YES;
				CLANG_WARN_UNREACHABLE_CODE = YES;
				CLANG_WARN__DUPLICATE_METHOD_MATCH = YES;
				"CODE_SIGN_IDENTITY[sdk=iphoneos*]" = "iPhone Developer";
				COPY_PHASE_STRIP = NO;
				DEBUG_INFORMATION_FORMAT = "dwarf-with-dsym";
				ENABLE_NS_ASSERTIONS = NO;
				ENABLE_STRICT_OBJC_MSGSEND = YES;
				GCC_C_LANGUAGE_STANDARD = gnu99;
				GCC_NO_COMMON_BLOCKS = YES;
				GCC_WARN_64_TO_32_BIT_CONVERSION = YES;
				GCC_WARN_ABOUT_RETURN_TYPE = YES_ERROR;
				GCC_WARN_UNDECLARED_SELECTOR = YES;
				GCC_WARN_UNINITIALIZED_AUTOS = YES_AGGRESSIVE;
				GCC_WARN_UNUSED_FUNCTION = YES;
				GCC_WARN_UNUSED_VARIABLE = YES;
				IPHONEOS_DEPLOYMENT_TARGET = 10.3;
				MTL_ENABLE_DEBUG_INFO = NO;
				SDKROOT = iphoneos;
				SWIFT_OPTIMIZATION_LEVEL = "-Owholemodule";
				TARGETED_DEVICE_FAMILY = "1,2";
				VALIDATE_PRODUCT = YES;
			};
			name = Release;
		};
		3E2042FB1F39609A00950442 /* Debug */ = {
			isa = XCBuildConfiguration;
			buildSettings = {
				ALWAYS_EMBED_SWIFT_STANDARD_LIBRARIES = YES;
				DEVELOPMENT_TEAM = F9VCJL39J2;
				FRAMEWORK_SEARCH_PATHS = (
					"$(inherited)",
					"$(PROJECT_DIR)/Carthage/Build/iOS",
				);
				INFOPLIST_FILE = NHKProgram/Info.plist;
				LD_RUNPATH_SEARCH_PATHS = "$(inherited) @executable_path/Frameworks";
				PRODUCT_BUNDLE_IDENTIFIER = com.opuappnavi.NHKProgram;
				PRODUCT_NAME = "$(TARGET_NAME)";
				SWIFT_VERSION = 3.0;
			};
			name = Debug;
		};
		3E2042FC1F39609A00950442 /* Release */ = {
			isa = XCBuildConfiguration;
			buildSettings = {
				ALWAYS_EMBED_SWIFT_STANDARD_LIBRARIES = YES;
				DEVELOPMENT_TEAM = F9VCJL39J2;
				FRAMEWORK_SEARCH_PATHS = (
					"$(inherited)",
					"$(PROJECT_DIR)/Carthage/Build/iOS",
				);
				INFOPLIST_FILE = NHKProgram/Info.plist;
				LD_RUNPATH_SEARCH_PATHS = "$(inherited) @executable_path/Frameworks";
				PRODUCT_BUNDLE_IDENTIFIER = com.opuappnavi.NHKProgram;
				PRODUCT_NAME = "$(TARGET_NAME)";
				SWIFT_VERSION = 3.0;
			};
			name = Release;
		};
/* End XCBuildConfiguration section */

/* Begin XCConfigurationList section */
		3E1EEC9C1F399AE500F8E103 /* Build configuration list for PBXNativeTarget "Presentation" */ = {
			isa = XCConfigurationList;
			buildConfigurations = (
				3E1EEC9D1F399AE500F8E103 /* Debug */,
				3E1EEC9E1F399AE500F8E103 /* Release */,
			);
			defaultConfigurationIsVisible = 0;
			defaultConfigurationName = Release;
		};
		3E1EECAE1F399D1400F8E103 /* Build configuration list for PBXNativeTarget "Domain" */ = {
			isa = XCConfigurationList;
			buildConfigurations = (
				3E1EECAF1F399D1400F8E103 /* Debug */,
				3E1EECB01F399D1400F8E103 /* Release */,
			);
			defaultConfigurationIsVisible = 0;
			defaultConfigurationName = Release;
		};
		3E1EECBF1F399D2C00F8E103 /* Build configuration list for PBXNativeTarget "Data" */ = {
			isa = XCConfigurationList;
			buildConfigurations = (
				3E1EECC01F399D2C00F8E103 /* Debug */,
				3E1EECC11F399D2C00F8E103 /* Release */,
			);
			defaultConfigurationIsVisible = 0;
			defaultConfigurationName = Release;
		};
		3E2042E31F39609A00950442 /* Build configuration list for PBXProject "NHKProgram" */ = {
			isa = XCConfigurationList;
			buildConfigurations = (
				3E2042F81F39609A00950442 /* Debug */,
				3E2042F91F39609A00950442 /* Release */,
			);
			defaultConfigurationIsVisible = 0;
			defaultConfigurationName = Release;
		};
		3E2042FA1F39609A00950442 /* Build configuration list for PBXNativeTarget "NHKProgram" */ = {
			isa = XCConfigurationList;
			buildConfigurations = (
				3E2042FB1F39609A00950442 /* Debug */,
				3E2042FC1F39609A00950442 /* Release */,
			);
			defaultConfigurationIsVisible = 0;
			defaultConfigurationName = Release;
		};
/* End XCConfigurationList section */
	};
	rootObject = 3E2042E01F39609A00950442 /* Project object */;
}
